
Microsoft Visual Studio Solution File, Format Version 12.00
# Visual Studio 15
VisualStudioVersion = 15.0.28307.1231
MinimumVisualStudioVersion = 10.0.40219.1
Project("{FAE04EC0-301F-11D3-BF4B-00C04F79EFBC}") = "Ex31", "HomeWork_Lesson3\Ex31.csproj", "{AEC37F68-7A73-4060-A4B8-48AD5394BB80}"
EndProject
Global
	GlobalSection(SolutionConfigurationPlatforms) = preSolution
		Debug|Any CPU = Debug|Any CPU
		Release|Any CPU = Release|Any CPU
	EndGlobalSection
	GlobalSection(ProjectConfigurationPlatforms) = postSolution
		{AEC37F68-7A73-4060-A4B8-48AD5394BB80}.Debug|Any CPU.ActiveCfg = Debug|Any CPU
		{AEC37F68-7A73-4060-A4B8-48AD5394BB80}.Debug|Any CPU.Build.0 = Debug|Any CPU
		{AEC37F68-7A73-4060-A4B8-48AD5394BB80}.Release|Any CPU.ActiveCfg = Release|Any CPU
		{AEC37F68-7A73-4060-A4B8-48AD5394BB80}.Release|Any CPU.Build.0 = Release|Any CPU
	EndGlobalSection
	GlobalSection(SolutionProperties) = preSolution
		HideSolutionNode = FALSE
	EndGlobalSection
	GlobalSection(ExtensibilityGlobals) = postSolution
		SolutionGuid = {055DC4CA-94B5-4F9E-8D57-6B668191A136}
	EndGlobalSection
EndGlobal
