
Microsoft Visual Studio Solution File, Format Version 12.00
# Visual Studio 15
VisualStudioVersion = 15.0.28307.1231
MinimumVisualStudioVersion = 10.0.40219.1
Project("{FAE04EC0-301F-11D3-BF4B-00C04F79EFBC}") = "Ex21", "Ex21\Ex21.csproj", "{9DEFB3F7-AC80-4E07-A26D-DBA29EDB9C2D}"
EndProject
Project("{FAE04EC0-301F-11D3-BF4B-00C04F79EFBC}") = "Ex22", "Ex22\Ex22.csproj", "{0874044E-979E-4ED3-AF35-9F0D7012D263}"
EndProject
Project("{FAE04EC0-301F-11D3-BF4B-00C04F79EFBC}") = "Ex23", "Ex23\Ex23.csproj", "{D40E6DA4-20C8-44E9-A54B-4F21FA2B821B}"
EndProject
Project("{FAE04EC0-301F-11D3-BF4B-00C04F79EFBC}") = "Ex24", "Ex24\Ex24.csproj", "{3CF7A1FF-CD1E-43D9-B1D0-64A146682FB4}"
EndProject
Project("{FAE04EC0-301F-11D3-BF4B-00C04F79EFBC}") = "Ex25", "Ex25\Ex25.csproj", "{C871C3DC-008C-4842-87BD-0EA13F17136A}"
EndProject
Project("{FAE04EC0-301F-11D3-BF4B-00C04F79EFBC}") = "Ex26", "Ex26\Ex26.csproj", "{786FCEEE-9EFA-42DB-93C2-A6121C23A97B}"
EndProject
Global
	GlobalSection(SolutionConfigurationPlatforms) = preSolution
		Debug|Any CPU = Debug|Any CPU
		Release|Any CPU = Release|Any CPU
	EndGlobalSection
	GlobalSection(ProjectConfigurationPlatforms) = postSolution
		{9DEFB3F7-AC80-4E07-A26D-DBA29EDB9C2D}.Debug|Any CPU.ActiveCfg = Debug|Any CPU
		{9DEFB3F7-AC80-4E07-A26D-DBA29EDB9C2D}.Debug|Any CPU.Build.0 = Debug|Any CPU
		{9DEFB3F7-AC80-4E07-A26D-DBA29EDB9C2D}.Release|Any CPU.ActiveCfg = Release|Any CPU
		{9DEFB3F7-AC80-4E07-A26D-DBA29EDB9C2D}.Release|Any CPU.Build.0 = Release|Any CPU
		{0874044E-979E-4ED3-AF35-9F0D7012D263}.Debug|Any CPU.ActiveCfg = Debug|Any CPU
		{0874044E-979E-4ED3-AF35-9F0D7012D263}.Debug|Any CPU.Build.0 = Debug|Any CPU
		{0874044E-979E-4ED3-AF35-9F0D7012D263}.Release|Any CPU.ActiveCfg = Release|Any CPU
		{0874044E-979E-4ED3-AF35-9F0D7012D263}.Release|Any CPU.Build.0 = Release|Any CPU
		{D40E6DA4-20C8-44E9-A54B-4F21FA2B821B}.Debug|Any CPU.ActiveCfg = Debug|Any CPU
		{D40E6DA4-20C8-44E9-A54B-4F21FA2B821B}.Debug|Any CPU.Build.0 = Debug|Any CPU
		{D40E6DA4-20C8-44E9-A54B-4F21FA2B821B}.Release|Any CPU.ActiveCfg = Release|Any CPU
		{D40E6DA4-20C8-44E9-A54B-4F21FA2B821B}.Release|Any CPU.Build.0 = Release|Any CPU
		{3CF7A1FF-CD1E-43D9-B1D0-64A146682FB4}.Debug|Any CPU.ActiveCfg = Debug|Any CPU
		{3CF7A1FF-CD1E-43D9-B1D0-64A146682FB4}.Debug|Any CPU.Build.0 = Debug|Any CPU
		{3CF7A1FF-CD1E-43D9-B1D0-64A146682FB4}.Release|Any CPU.ActiveCfg = Release|Any CPU
		{3CF7A1FF-CD1E-43D9-B1D0-64A146682FB4}.Release|Any CPU.Build.0 = Release|Any CPU
		{C871C3DC-008C-4842-87BD-0EA13F17136A}.Debug|Any CPU.ActiveCfg = Debug|Any CPU
		{C871C3DC-008C-4842-87BD-0EA13F17136A}.Debug|Any CPU.Build.0 = Debug|Any CPU
		{C871C3DC-008C-4842-87BD-0EA13F17136A}.Release|Any CPU.ActiveCfg = Release|Any CPU
		{C871C3DC-008C-4842-87BD-0EA13F17136A}.Release|Any CPU.Build.0 = Release|Any CPU
		{786FCEEE-9EFA-42DB-93C2-A6121C23A97B}.Debug|Any CPU.ActiveCfg = Debug|Any CPU
		{786FCEEE-9EFA-42DB-93C2-A6121C23A97B}.Debug|Any CPU.Build.0 = Debug|Any CPU
		{786FCEEE-9EFA-42DB-93C2-A6121C23A97B}.Release|Any CPU.ActiveCfg = Release|Any CPU
		{786FCEEE-9EFA-42DB-93C2-A6121C23A97B}.Release|Any CPU.Build.0 = Release|Any CPU
	EndGlobalSection
	GlobalSection(SolutionProperties) = preSolution
		HideSolutionNode = FALSE
	EndGlobalSection
	GlobalSection(ExtensibilityGlobals) = postSolution
		SolutionGuid = {79FB5C5A-D3F9-41A5-9039-35BB7D062A9F}
	EndGlobalSection
EndGlobal
