
Microsoft Visual Studio Solution File, Format Version 12.00
# Visual Studio 15
VisualStudioVersion = 15.0.28307.1259
MinimumVisualStudioVersion = 10.0.40219.1
Project("{FAE04EC0-301F-11D3-BF4B-00C04F79EFBC}") = "Ex61", "Ex61\Ex61.csproj", "{5DF844B5-B08F-47A4-84D7-BE7787545EF9}"
EndProject
Project("{FAE04EC0-301F-11D3-BF4B-00C04F79EFBC}") = "Ex62", "Ex62\Ex62.csproj", "{D6374D1C-247E-456D-B8F8-123F94BFA735}"
EndProject
Project("{FAE04EC0-301F-11D3-BF4B-00C04F79EFBC}") = "Ex63", "Ex63\Ex63.csproj", "{56E04D95-3E08-4F89-A191-2A13F4A15FC7}"
EndProject
Global
	GlobalSection(SolutionConfigurationPlatforms) = preSolution
		Debug|Any CPU = Debug|Any CPU
		Release|Any CPU = Release|Any CPU
	EndGlobalSection
	GlobalSection(ProjectConfigurationPlatforms) = postSolution
		{5DF844B5-B08F-47A4-84D7-BE7787545EF9}.Debug|Any CPU.ActiveCfg = Debug|Any CPU
		{5DF844B5-B08F-47A4-84D7-BE7787545EF9}.Debug|Any CPU.Build.0 = Debug|Any CPU
		{5DF844B5-B08F-47A4-84D7-BE7787545EF9}.Release|Any CPU.ActiveCfg = Release|Any CPU
		{5DF844B5-B08F-47A4-84D7-BE7787545EF9}.Release|Any CPU.Build.0 = Release|Any CPU
		{D6374D1C-247E-456D-B8F8-123F94BFA735}.Debug|Any CPU.ActiveCfg = Debug|Any CPU
		{D6374D1C-247E-456D-B8F8-123F94BFA735}.Debug|Any CPU.Build.0 = Debug|Any CPU
		{D6374D1C-247E-456D-B8F8-123F94BFA735}.Release|Any CPU.ActiveCfg = Release|Any CPU
		{D6374D1C-247E-456D-B8F8-123F94BFA735}.Release|Any CPU.Build.0 = Release|Any CPU
		{56E04D95-3E08-4F89-A191-2A13F4A15FC7}.Debug|Any CPU.ActiveCfg = Debug|Any CPU
		{56E04D95-3E08-4F89-A191-2A13F4A15FC7}.Debug|Any CPU.Build.0 = Debug|Any CPU
		{56E04D95-3E08-4F89-A191-2A13F4A15FC7}.Release|Any CPU.ActiveCfg = Release|Any CPU
		{56E04D95-3E08-4F89-A191-2A13F4A15FC7}.Release|Any CPU.Build.0 = Release|Any CPU
	EndGlobalSection
	GlobalSection(SolutionProperties) = preSolution
		HideSolutionNode = FALSE
	EndGlobalSection
	GlobalSection(ExtensibilityGlobals) = postSolution
		SolutionGuid = {CB836F58-F20E-4B2A-B6C0-C50507B6B4B4}
	EndGlobalSection
EndGlobal
