
Microsoft Visual Studio Solution File, Format Version 12.00
# Visual Studio 15
VisualStudioVersion = 15.0.28307.1231
MinimumVisualStudioVersion = 10.0.40219.1
Project("{FAE04EC0-301F-11D3-BF4B-00C04F79EFBC}") = "Ex41", "Ex41\Ex41.csproj", "{3DBD9737-EBE3-4C47-8316-31D0FD1AD521}"
EndProject
Project("{FAE04EC0-301F-11D3-BF4B-00C04F79EFBC}") = "Ex42", "Ex42\Ex42.csproj", "{82265171-C1A6-4FB2-A7BB-3583252FCE0D}"
EndProject
Project("{FAE04EC0-301F-11D3-BF4B-00C04F79EFBC}") = "Ex43", "Ex43\Ex43.csproj", "{337489F4-948C-49D7-802E-CA3E6010B076}"
EndProject
Project("{FAE04EC0-301F-11D3-BF4B-00C04F79EFBC}") = "Ex44", "Ex44\Ex44.csproj", "{3EE1E198-DB5C-4B98-A4DC-D7CE01D09251}"
EndProject
Global
	GlobalSection(SolutionConfigurationPlatforms) = preSolution
		Debug|Any CPU = Debug|Any CPU
		Release|Any CPU = Release|Any CPU
	EndGlobalSection
	GlobalSection(ProjectConfigurationPlatforms) = postSolution
		{3DBD9737-EBE3-4C47-8316-31D0FD1AD521}.Debug|Any CPU.ActiveCfg = Debug|Any CPU
		{3DBD9737-EBE3-4C47-8316-31D0FD1AD521}.Debug|Any CPU.Build.0 = Debug|Any CPU
		{3DBD9737-EBE3-4C47-8316-31D0FD1AD521}.Release|Any CPU.ActiveCfg = Release|Any CPU
		{3DBD9737-EBE3-4C47-8316-31D0FD1AD521}.Release|Any CPU.Build.0 = Release|Any CPU
		{82265171-C1A6-4FB2-A7BB-3583252FCE0D}.Debug|Any CPU.ActiveCfg = Debug|Any CPU
		{82265171-C1A6-4FB2-A7BB-3583252FCE0D}.Debug|Any CPU.Build.0 = Debug|Any CPU
		{82265171-C1A6-4FB2-A7BB-3583252FCE0D}.Release|Any CPU.ActiveCfg = Release|Any CPU
		{82265171-C1A6-4FB2-A7BB-3583252FCE0D}.Release|Any CPU.Build.0 = Release|Any CPU
		{337489F4-948C-49D7-802E-CA3E6010B076}.Debug|Any CPU.ActiveCfg = Debug|Any CPU
		{337489F4-948C-49D7-802E-CA3E6010B076}.Debug|Any CPU.Build.0 = Debug|Any CPU
		{337489F4-948C-49D7-802E-CA3E6010B076}.Release|Any CPU.ActiveCfg = Release|Any CPU
		{337489F4-948C-49D7-802E-CA3E6010B076}.Release|Any CPU.Build.0 = Release|Any CPU
		{3EE1E198-DB5C-4B98-A4DC-D7CE01D09251}.Debug|Any CPU.ActiveCfg = Debug|Any CPU
		{3EE1E198-DB5C-4B98-A4DC-D7CE01D09251}.Debug|Any CPU.Build.0 = Debug|Any CPU
		{3EE1E198-DB5C-4B98-A4DC-D7CE01D09251}.Release|Any CPU.ActiveCfg = Release|Any CPU
		{3EE1E198-DB5C-4B98-A4DC-D7CE01D09251}.Release|Any CPU.Build.0 = Release|Any CPU
	EndGlobalSection
	GlobalSection(SolutionProperties) = preSolution
		HideSolutionNode = FALSE
	EndGlobalSection
	GlobalSection(ExtensibilityGlobals) = postSolution
		SolutionGuid = {743A5DB4-73FF-4FEF-95B7-1808A4A381AA}
	EndGlobalSection
EndGlobal
